
Microsoft Visual Studio Solution File, Format Version 12.00
# Visual Studio Version 17
VisualStudioVersion = 17.1.32210.238
MinimumVisualStudioVersion = 10.0.40219.1
Project("{FAE04EC0-301F-11D3-BF4B-00C04F79EFBC}") = "prjunittestEg2", "prjunittestEg2\prjunittestEg2.csproj", "{4A62AD2E-1ECD-4A7C-AFFE-E811C866DBA3}"
EndProject
Project("{FAE04EC0-301F-11D3-BF4B-00C04F79EFBC}") = "Testcase", "Testcase\Testcase.csproj", "{79862DF1-AAFE-46E0-B887-9F74F2C3D596}"
EndProject
Global
	GlobalSection(SolutionConfigurationPlatforms) = preSolution
		Debug|Any CPU = Debug|Any CPU
		Release|Any CPU = Release|Any CPU
	EndGlobalSection
	GlobalSection(ProjectConfigurationPlatforms) = postSolution
		{4A62AD2E-1ECD-4A7C-AFFE-E811C866DBA3}.Debug|Any CPU.ActiveCfg = Debug|Any CPU
		{4A62AD2E-1ECD-4A7C-AFFE-E811C866DBA3}.Debug|Any CPU.Build.0 = Debug|Any CPU
		{4A62AD2E-1ECD-4A7C-AFFE-E811C866DBA3}.Release|Any CPU.ActiveCfg = Release|Any CPU
		{4A62AD2E-1ECD-4A7C-AFFE-E811C866DBA3}.Release|Any CPU.Build.0 = Release|Any CPU
		{79862DF1-AAFE-46E0-B887-9F74F2C3D596}.Debug|Any CPU.ActiveCfg = Debug|Any CPU
		{79862DF1-AAFE-46E0-B887-9F74F2C3D596}.Debug|Any CPU.Build.0 = Debug|Any CPU
		{79862DF1-AAFE-46E0-B887-9F74F2C3D596}.Release|Any CPU.ActiveCfg = Release|Any CPU
		{79862DF1-AAFE-46E0-B887-9F74F2C3D596}.Release|Any CPU.Build.0 = Release|Any CPU
	EndGlobalSection
	GlobalSection(SolutionProperties) = preSolution
		HideSolutionNode = FALSE
	EndGlobalSection
	GlobalSection(ExtensibilityGlobals) = postSolution
		SolutionGuid = {C7562188-0776-4272-8A9A-80BD3B72A892}
	EndGlobalSection
EndGlobal
